// !$*UTF8*$!
{
	archiveVersion = 1;
	classes = {
	};
	objectVersion = 46;
	objects = {

/* Begin PBXBuildFile section */
		8209ECF01F01CE29002F9F5E /* Ball.swift in Sources */ = {isa = PBXBuildFile; fileRef = 8209ECEF1F01CE29002F9F5E /* Ball.swift */; };
		8214C4361F169ED400E0E601 /* Exo2-ExtraLight.otf in Resources */ = {isa = PBXBuildFile; fileRef = 8214C4351F169ED400E0E601 /* Exo2-ExtraLight.otf */; };
		8214C4381F16BB4B00E0E601 /* streakEffect.sks in Resources */ = {isa = PBXBuildFile; fileRef = 8214C4371F16BB4B00E0E601 /* streakEffect.sks */; };
		823A82CC1F06C1E9007F9B08 /* Impact.sks in Resources */ = {isa = PBXBuildFile; fileRef = 823A82CB1F06C1E9007F9B08 /* Impact.sks */; };
		823A82CE1F06D37C007F9B08 /* HitSound.wav in Resources */ = {isa = PBXBuildFile; fileRef = 823A82CD1F06D37C007F9B08 /* HitSound.wav */; };
		825CB5CF1F17F7F90082EC54 /* ShopScreen_1.sks in Resources */ = {isa = PBXBuildFile; fileRef = 825CB5CE1F17F7F90082EC54 /* ShopScreen_1.sks */; };
		825CB5D11F1810D90082EC54 /* ShopScreen.swift in Sources */ = {isa = PBXBuildFile; fileRef = 825CB5D01F1810D90082EC54 /* ShopScreen.swift */; };
		827269E91F13EFA000E32FE6 /* MSButtonNode.swift in Sources */ = {isa = PBXBuildFile; fileRef = 827269E81F13EFA000E32FE6 /* MSButtonNode.swift */; };
		827269EB1F1421BB00E32FE6 /* Trail.sks in Resources */ = {isa = PBXBuildFile; fileRef = 827269EA1F1421BB00E32FE6 /* Trail.sks */; };
		828684FB1F183E0A00B293BD /* Items.swift in Sources */ = {isa = PBXBuildFile; fileRef = 828684FA1F183E0A00B293BD /* Items.swift */; };
		829FA3671F16E1DE00CB691F /* GameScene.sks in Resources */ = {isa = PBXBuildFile; fileRef = 829FA3661F16E1DE00CB691F /* GameScene.sks */; };
		82B52E101F16E5C7000B9D59 /* Coin.swift in Sources */ = {isa = PBXBuildFile; fileRef = 82B52E0F1F16E5C7000B9D59 /* Coin.swift */; };
		82CFFA6F1F1446590007C7A9 /* exo-2-0.light.otf in Resources */ = {isa = PBXBuildFile; fileRef = 82CFFA6E1F1446590007C7A9 /* exo-2-0.light.otf */; };
		82D566221F01AE3300D74068 /* AppDelegate.swift in Sources */ = {isa = PBXBuildFile; fileRef = 82D566211F01AE3300D74068 /* AppDelegate.swift */; };
		82D566261F01AE3300D74068 /* Actions.sks in Resources */ = {isa = PBXBuildFile; fileRef = 82D566251F01AE3300D74068 /* Actions.sks */; };
		82D566281F01AE3300D74068 /* GameScene.swift in Sources */ = {isa = PBXBuildFile; fileRef = 82D566271F01AE3300D74068 /* GameScene.swift */; };
		82D5662A1F01AE3300D74068 /* GameViewController.swift in Sources */ = {isa = PBXBuildFile; fileRef = 82D566291F01AE3300D74068 /* GameViewController.swift */; };
		82D5662D1F01AE3300D74068 /* Main.storyboard in Resources */ = {isa = PBXBuildFile; fileRef = 82D5662B1F01AE3300D74068 /* Main.storyboard */; };
		82D5662F1F01AE3300D74068 /* Assets.xcassets in Resources */ = {isa = PBXBuildFile; fileRef = 82D5662E1F01AE3300D74068 /* Assets.xcassets */; };
		82D566321F01AE3300D74068 /* LaunchScreen.storyboard in Resources */ = {isa = PBXBuildFile; fileRef = 82D566301F01AE3300D74068 /* LaunchScreen.storyboard */; };
		82D5663A1F01B31500D74068 /* Platform.swift in Sources */ = {isa = PBXBuildFile; fileRef = 82D566391F01B31500D74068 /* Platform.swift */; };
		82D59EBD1F1D68C400E021FA /* Colors.swift in Sources */ = {isa = PBXBuildFile; fileRef = 82D59EBC1F1D68C400E021FA /* Colors.swift */; };
		82D59EBF1F1D80CC00E021FA /* ShopScreen_2.sks in Resources */ = {isa = PBXBuildFile; fileRef = 82D59EBE1F1D80CC00E021FA /* ShopScreen_2.sks */; };
/* End PBXBuildFile section */

/* Begin PBXFileReference section */
		8209ECEF1F01CE29002F9F5E /* Ball.swift */ = {isa = PBXFileReference; fileEncoding = 4; lastKnownFileType = sourcecode.swift; path = Ball.swift; sourceTree = "<group>"; };
		8214C4351F169ED400E0E601 /* Exo2-ExtraLight.otf */ = {isa = PBXFileReference; lastKnownFileType = file; path = "Exo2-ExtraLight.otf"; sourceTree = "<group>"; };
		8214C4371F16BB4B00E0E601 /* streakEffect.sks */ = {isa = PBXFileReference; lastKnownFileType = file.sks; path = streakEffect.sks; sourceTree = "<group>"; };
		823A82CB1F06C1E9007F9B08 /* Impact.sks */ = {isa = PBXFileReference; lastKnownFileType = file.sks; path = Impact.sks; sourceTree = "<group>"; };
		823A82CD1F06D37C007F9B08 /* HitSound.wav */ = {isa = PBXFileReference; lastKnownFileType = audio.wav; path = HitSound.wav; sourceTree = "<group>"; };
		825CB5CE1F17F7F90082EC54 /* ShopScreen_1.sks */ = {isa = PBXFileReference; lastKnownFileType = file.sks; path = ShopScreen_1.sks; sourceTree = "<group>"; };
		825CB5D01F1810D90082EC54 /* ShopScreen.swift */ = {isa = PBXFileReference; fileEncoding = 4; lastKnownFileType = sourcecode.swift; path = ShopScreen.swift; sourceTree = "<group>"; };
		827269E81F13EFA000E32FE6 /* MSButtonNode.swift */ = {isa = PBXFileReference; fileEncoding = 4; lastKnownFileType = sourcecode.swift; path = MSButtonNode.swift; sourceTree = "<group>"; };
		827269EA1F1421BB00E32FE6 /* Trail.sks */ = {isa = PBXFileReference; lastKnownFileType = file.sks; path = Trail.sks; sourceTree = "<group>"; };
		828684FA1F183E0A00B293BD /* Items.swift */ = {isa = PBXFileReference; fileEncoding = 4; lastKnownFileType = sourcecode.swift; path = Items.swift; sourceTree = "<group>"; };
		829FA3661F16E1DE00CB691F /* GameScene.sks */ = {isa = PBXFileReference; lastKnownFileType = file.sks; path = GameScene.sks; sourceTree = "<group>"; };
		82B52E0F1F16E5C7000B9D59 /* Coin.swift */ = {isa = PBXFileReference; fileEncoding = 4; lastKnownFileType = sourcecode.swift; path = Coin.swift; sourceTree = "<group>"; };
		82CFFA6E1F1446590007C7A9 /* exo-2-0.light.otf */ = {isa = PBXFileReference; lastKnownFileType = file; path = "exo-2-0.light.otf"; sourceTree = "<group>"; };
		82D5661E1F01AE3300D74068 /* Unbounded.app */ = {isa = PBXFileReference; explicitFileType = wrapper.application; includeInIndex = 0; path = Unbounded.app; sourceTree = BUILT_PRODUCTS_DIR; };
		82D566211F01AE3300D74068 /* AppDelegate.swift */ = {isa = PBXFileReference; lastKnownFileType = sourcecode.swift; path = AppDelegate.swift; sourceTree = "<group>"; };
		82D566251F01AE3300D74068 /* Actions.sks */ = {isa = PBXFileReference; lastKnownFileType = file.sks; path = Actions.sks; sourceTree = "<group>"; };
		82D566271F01AE3300D74068 /* GameScene.swift */ = {isa = PBXFileReference; lastKnownFileType = sourcecode.swift; path = GameScene.swift; sourceTree = "<group>"; };
		82D566291F01AE3300D74068 /* GameViewController.swift */ = {isa = PBXFileReference; lastKnownFileType = sourcecode.swift; path = GameViewController.swift; sourceTree = "<group>"; };
		82D5662C1F01AE3300D74068 /* Base */ = {isa = PBXFileReference; lastKnownFileType = file.storyboard; name = Base; path = Base.lproj/Main.storyboard; sourceTree = "<group>"; };
		82D5662E1F01AE3300D74068 /* Assets.xcassets */ = {isa = PBXFileReference; lastKnownFileType = folder.assetcatalog; path = Assets.xcassets; sourceTree = "<group>"; };
		82D566311F01AE3300D74068 /* Base */ = {isa = PBXFileReference; lastKnownFileType = file.storyboard; name = Base; path = Base.lproj/LaunchScreen.storyboard; sourceTree = "<group>"; };
		82D566331F01AE3300D74068 /* Info.plist */ = {isa = PBXFileReference; lastKnownFileType = text.plist.xml; path = Info.plist; sourceTree = "<group>"; };
		82D566391F01B31500D74068 /* Platform.swift */ = {isa = PBXFileReference; fileEncoding = 4; lastKnownFileType = sourcecode.swift; path = Platform.swift; sourceTree = "<group>"; };
		82D59EBC1F1D68C400E021FA /* Colors.swift */ = {isa = PBXFileReference; fileEncoding = 4; lastKnownFileType = sourcecode.swift; path = Colors.swift; sourceTree = "<group>"; };
		82D59EBE1F1D80CC00E021FA /* ShopScreen_2.sks */ = {isa = PBXFileReference; lastKnownFileType = file.sks; path = ShopScreen_2.sks; sourceTree = "<group>"; };
/* End PBXFileReference section */

/* Begin PBXFrameworksBuildPhase section */
		82D5661B1F01AE3300D74068 /* Frameworks */ = {
			isa = PBXFrameworksBuildPhase;
			buildActionMask = 2147483647;
			files = (
			);
			runOnlyForDeploymentPostprocessing = 0;
		};
/* End PBXFrameworksBuildPhase section */

/* Begin PBXGroup section */
		82D566151F01AE3300D74068 = {
			isa = PBXGroup;
			children = (
				82D566201F01AE3300D74068 /* Unbounded */,
				82D5661F1F01AE3300D74068 /* Products */,
			);
			sourceTree = "<group>";
		};
		82D5661F1F01AE3300D74068 /* Products */ = {
			isa = PBXGroup;
			children = (
				82D5661E1F01AE3300D74068 /* Unbounded.app */,
			);
			name = Products;
			sourceTree = "<group>";
		};
		82D566201F01AE3300D74068 /* Unbounded */ = {
			isa = PBXGroup;
			children = (
				82D566211F01AE3300D74068 /* AppDelegate.swift */,
				82D566271F01AE3300D74068 /* GameScene.swift */,
				829FA3661F16E1DE00CB691F /* GameScene.sks */,
				825CB5D01F1810D90082EC54 /* ShopScreen.swift */,
				825CB5CE1F17F7F90082EC54 /* ShopScreen_1.sks */,
				82D59EBE1F1D80CC00E021FA /* ShopScreen_2.sks */,
				828684FA1F183E0A00B293BD /* Items.swift */,
				82B52E0F1F16E5C7000B9D59 /* Coin.swift */,
				8214C4371F16BB4B00E0E601 /* streakEffect.sks */,
				82D566391F01B31500D74068 /* Platform.swift */,
				8209ECEF1F01CE29002F9F5E /* Ball.swift */,
				82D566251F01AE3300D74068 /* Actions.sks */,
				823A82CB1F06C1E9007F9B08 /* Impact.sks */,
				827269EA1F1421BB00E32FE6 /* Trail.sks */,
				82D59EBC1F1D68C400E021FA /* Colors.swift */,
				827269E81F13EFA000E32FE6 /* MSButtonNode.swift */,
				82D566291F01AE3300D74068 /* GameViewController.swift */,
				823A82CD1F06D37C007F9B08 /* HitSound.wav */,
				82D5662B1F01AE3300D74068 /* Main.storyboard */,
				82D5662E1F01AE3300D74068 /* Assets.xcassets */,
				82CFFA6E1F1446590007C7A9 /* exo-2-0.light.otf */,
				8214C4351F169ED400E0E601 /* Exo2-ExtraLight.otf */,
				82D566301F01AE3300D74068 /* LaunchScreen.storyboard */,
				82D566331F01AE3300D74068 /* Info.plist */,
			);
			path = Unbounded;
			sourceTree = "<group>";
		};
/* End PBXGroup section */

/* Begin PBXNativeTarget section */
		82D5661D1F01AE3300D74068 /* Unbounded */ = {
			isa = PBXNativeTarget;
			buildConfigurationList = 82D566361F01AE3300D74068 /* Build configuration list for PBXNativeTarget "Unbounded" */;
			buildPhases = (
				82D5661A1F01AE3300D74068 /* Sources */,
				82D5661B1F01AE3300D74068 /* Frameworks */,
				82D5661C1F01AE3300D74068 /* Resources */,
			);
			buildRules = (
			);
			dependencies = (
			);
			name = Unbounded;
			productName = Unbounded;
			productReference = 82D5661E1F01AE3300D74068 /* Unbounded.app */;
			productType = "com.apple.product-type.application";
		};
/* End PBXNativeTarget section */

/* Begin PBXProject section */
		82D566161F01AE3300D74068 /* Project object */ = {
			isa = PBXProject;
			attributes = {
				LastSwiftUpdateCheck = 0830;
				LastUpgradeCheck = 0830;
				ORGANIZATIONNAME = "Paxon Yu";
				TargetAttributes = {
					82D5661D1F01AE3300D74068 = {
						CreatedOnToolsVersion = 8.3.3;
						DevelopmentTeam = CL52AX9555;
						ProvisioningStyle = Automatic;
					};
				};
			};
			buildConfigurationList = 82D566191F01AE3300D74068 /* Build configuration list for PBXProject "Unbounded" */;
			compatibilityVersion = "Xcode 3.2";
			developmentRegion = English;
			hasScannedForEncodings = 0;
			knownRegions = (
				en,
				Base,
			);
			mainGroup = 82D566151F01AE3300D74068;
			productRefGroup = 82D5661F1F01AE3300D74068 /* Products */;
			projectDirPath = "";
			projectRoot = "";
			targets = (
				82D5661D1F01AE3300D74068 /* Unbounded */,
			);
		};
/* End PBXProject section */

/* Begin PBXResourcesBuildPhase section */
		82D5661C1F01AE3300D74068 /* Resources */ = {
			isa = PBXResourcesBuildPhase;
			buildActionMask = 2147483647;
			files = (
				82D5662D1F01AE3300D74068 /* Main.storyboard in Resources */,
				8214C4381F16BB4B00E0E601 /* streakEffect.sks in Resources */,
				82CFFA6F1F1446590007C7A9 /* exo-2-0.light.otf in Resources */,
				825CB5CF1F17F7F90082EC54 /* ShopScreen_1.sks in Resources */,
				823A82CC1F06C1E9007F9B08 /* Impact.sks in Resources */,
				82D5662F1F01AE3300D74068 /* Assets.xcassets in Resources */,
				82D566321F01AE3300D74068 /* LaunchScreen.storyboard in Resources */,
				827269EB1F1421BB00E32FE6 /* Trail.sks in Resources */,
				8214C4361F169ED400E0E601 /* Exo2-ExtraLight.otf in Resources */,
				82D59EBF1F1D80CC00E021FA /* ShopScreen_2.sks in Resources */,
				823A82CE1F06D37C007F9B08 /* HitSound.wav in Resources */,
				829FA3671F16E1DE00CB691F /* GameScene.sks in Resources */,
				82D566261F01AE3300D74068 /* Actions.sks in Resources */,
			);
			runOnlyForDeploymentPostprocessing = 0;
		};
/* End PBXResourcesBuildPhase section */

/* Begin PBXSourcesBuildPhase section */
		82D5661A1F01AE3300D74068 /* Sources */ = {
			isa = PBXSourcesBuildPhase;
			buildActionMask = 2147483647;
			files = (
				82D566281F01AE3300D74068 /* GameScene.swift in Sources */,
				82D59EBD1F1D68C400E021FA /* Colors.swift in Sources */,
				82D5662A1F01AE3300D74068 /* GameViewController.swift in Sources */,
				8209ECF01F01CE29002F9F5E /* Ball.swift in Sources */,
				827269E91F13EFA000E32FE6 /* MSButtonNode.swift in Sources */,
				82D5663A1F01B31500D74068 /* Platform.swift in Sources */,
				828684FB1F183E0A00B293BD /* Items.swift in Sources */,
				825CB5D11F1810D90082EC54 /* ShopScreen.swift in Sources */,
				82D566221F01AE3300D74068 /* AppDelegate.swift in Sources */,
				82B52E101F16E5C7000B9D59 /* Coin.swift in Sources */,
			);
			runOnlyForDeploymentPostprocessing = 0;
		};
/* End PBXSourcesBuildPhase section */

/* Begin PBXVariantGroup section */
		82D5662B1F01AE3300D74068 /* Main.storyboard */ = {
			isa = PBXVariantGroup;
			children = (
				82D5662C1F01AE3300D74068 /* Base */,
			);
			name = Main.storyboard;
			sourceTree = "<group>";
		};
		82D566301F01AE3300D74068 /* LaunchScreen.storyboard */ = {
			isa = PBXVariantGroup;
			children = (
				82D566311F01AE3300D74068 /* Base */,
			);
			name = LaunchScreen.storyboard;
			sourceTree = "<group>";
		};
/* End PBXVariantGroup section */

/* Begin XCBuildConfiguration section */
		82D566341F01AE3300D74068 /* Debug */ = {
			isa = XCBuildConfiguration;
			buildSettings = {
				ALWAYS_SEARCH_USER_PATHS = NO;
				CLANG_ANALYZER_NONNULL = YES;
				CLANG_ANALYZER_NUMBER_OBJECT_CONVERSION = YES_AGGRESSIVE;
				CLANG_CXX_LANGUAGE_STANDARD = "gnu++0x";
				CLANG_CXX_LIBRARY = "libc++";
				CLANG_ENABLE_MODULES = YES;
				CLANG_ENABLE_OBJC_ARC = YES;
				CLANG_WARN_BOOL_CONVERSION = YES;
				CLANG_WARN_CONSTANT_CONVERSION = YES;
				CLANG_WARN_DIRECT_OBJC_ISA_USAGE = YES_ERROR;
				CLANG_WARN_DOCUMENTATION_COMMENTS = YES;
				CLANG_WARN_EMPTY_BODY = YES;
				CLANG_WARN_ENUM_CONVERSION = YES;
				CLANG_WARN_INFINITE_RECURSION = YES;
				CLANG_WARN_INT_CONVERSION = YES;
				CLANG_WARN_OBJC_ROOT_CLASS = YES_ERROR;
				CLANG_WARN_SUSPICIOUS_MOVE = YES;
				CLANG_WARN_UNREACHABLE_CODE = YES;
				CLANG_WARN__DUPLICATE_METHOD_MATCH = YES;
				"CODE_SIGN_IDENTITY[sdk=iphoneos*]" = "iPhone Developer";
				COPY_PHASE_STRIP = NO;
				DEBUG_INFORMATION_FORMAT = dwarf;
				ENABLE_STRICT_OBJC_MSGSEND = YES;
				ENABLE_TESTABILITY = YES;
				GCC_C_LANGUAGE_STANDARD = gnu99;
				GCC_DYNAMIC_NO_PIC = NO;
				GCC_NO_COMMON_BLOCKS = YES;
				GCC_OPTIMIZATION_LEVEL = 0;
				GCC_PREPROCESSOR_DEFINITIONS = (
					"DEBUG=1",
					"$(inherited)",
				);
				GCC_WARN_64_TO_32_BIT_CONVERSION = YES;
				GCC_WARN_ABOUT_RETURN_TYPE = YES_ERROR;
				GCC_WARN_UNDECLARED_SELECTOR = YES;
				GCC_WARN_UNINITIALIZED_AUTOS = YES_AGGRESSIVE;
				GCC_WARN_UNUSED_FUNCTION = YES;
				GCC_WARN_UNUSED_VARIABLE = YES;
				IPHONEOS_DEPLOYMENT_TARGET = 10.3;
				MTL_ENABLE_DEBUG_INFO = YES;
				ONLY_ACTIVE_ARCH = YES;
				SDKROOT = iphoneos;
				SWIFT_ACTIVE_COMPILATION_CONDITIONS = DEBUG;
				SWIFT_OPTIMIZATION_LEVEL = "-Onone";
				TARGETED_DEVICE_FAMILY = "1,2";
			};
			name = Debug;
		};
		82D566351F01AE3300D74068 /* Release */ = {
			isa = XCBuildConfiguration;
			buildSettings = {
				ALWAYS_SEARCH_USER_PATHS = NO;
				CLANG_ANALYZER_NONNULL = YES;
				CLANG_ANALYZER_NUMBER_OBJECT_CONVERSION = YES_AGGRESSIVE;
				CLANG_CXX_LANGUAGE_STANDARD = "gnu++0x";
				CLANG_CXX_LIBRARY = "libc++";
				CLANG_ENABLE_MODULES = YES;
				CLANG_ENABLE_OBJC_ARC = YES;
				CLANG_WARN_BOOL_CONVERSION = YES;
				CLANG_WARN_CONSTANT_CONVERSION = YES;
				CLANG_WARN_DIRECT_OBJC_ISA_USAGE = YES_ERROR;
				CLANG_WARN_DOCUMENTATION_COMMENTS = YES;
				CLANG_WARN_EMPTY_BODY = YES;
				CLANG_WARN_ENUM_CONVERSION = YES;
				CLANG_WARN_INFINITE_RECURSION = YES;
				CLANG_WARN_INT_CONVERSION = YES;
				CLANG_WARN_OBJC_ROOT_CLASS = YES_ERROR;
				CLANG_WARN_SUSPICIOUS_MOVE = YES;
				CLANG_WARN_UNREACHABLE_CODE = YES;
				CLANG_WARN__DUPLICATE_METHOD_MATCH = YES;
				"CODE_SIGN_IDENTITY[sdk=iphoneos*]" = "iPhone Developer";
				COPY_PHASE_STRIP = NO;
				DEBUG_INFORMATION_FORMAT = "dwarf-with-dsym";
				ENABLE_NS_ASSERTIONS = NO;
				ENABLE_STRICT_OBJC_MSGSEND = YES;
				GCC_C_LANGUAGE_STANDARD = gnu99;
				GCC_NO_COMMON_BLOCKS = YES;
				GCC_WARN_64_TO_32_BIT_CONVERSION = YES;
				GCC_WARN_ABOUT_RETURN_TYPE = YES_ERROR;
				GCC_WARN_UNDECLARED_SELECTOR = YES;
				GCC_WARN_UNINITIALIZED_AUTOS = YES_AGGRESSIVE;
				GCC_WARN_UNUSED_FUNCTION = YES;
				GCC_WARN_UNUSED_VARIABLE = YES;
				IPHONEOS_DEPLOYMENT_TARGET = 10.3;
				MTL_ENABLE_DEBUG_INFO = NO;
				SDKROOT = iphoneos;
				SWIFT_OPTIMIZATION_LEVEL = "-Owholemodule";
				TARGETED_DEVICE_FAMILY = "1,2";
				VALIDATE_PRODUCT = YES;
			};
			name = Release;
		};
		82D566371F01AE3300D74068 /* Debug */ = {
			isa = XCBuildConfiguration;
			buildSettings = {
				ASSETCATALOG_COMPILER_APPICON_NAME = AppIcon;
				"CODE_SIGN_IDENTITY[sdk=iphoneos*]" = "iPhone Developer";
				DEVELOPMENT_TEAM = CL52AX9555;
				INFOPLIST_FILE = Unbounded/Info.plist;
				IPHONEOS_DEPLOYMENT_TARGET = 10.0;
				LD_RUNPATH_SEARCH_PATHS = "$(inherited) @executable_path/Frameworks";
				PRODUCT_BUNDLE_IDENTIFIER = Paxgams.Unbounded;
				PRODUCT_NAME = "$(TARGET_NAME)";
				PROVISIONING_PROFILE_SPECIFIER = "";
				SWIFT_VERSION = 3.0;
			};
			name = Debug;
		};
		82D566381F01AE3300D74068 /* Release */ = {
			isa = XCBuildConfiguration;
			buildSettings = {
				ASSETCATALOG_COMPILER_APPICON_NAME = AppIcon;
				"CODE_SIGN_IDENTITY[sdk=iphoneos*]" = "iPhone Developer";
				DEVELOPMENT_TEAM = CL52AX9555;
				INFOPLIST_FILE = Unbounded/Info.plist;
				IPHONEOS_DEPLOYMENT_TARGET = 10.0;
				LD_RUNPATH_SEARCH_PATHS = "$(inherited) @executable_path/Frameworks";
				PRODUCT_BUNDLE_IDENTIFIER = Paxgams.Unbounded;
				PRODUCT_NAME = "$(TARGET_NAME)";
				PROVISIONING_PROFILE_SPECIFIER = "";
				SWIFT_VERSION = 3.0;
			};
			name = Release;
		};
/* End XCBuildConfiguration section */

/* Begin XCConfigurationList section */
		82D566191F01AE3300D74068 /* Build configuration list for PBXProject "Unbounded" */ = {
			isa = XCConfigurationList;
			buildConfigurations = (
				82D566341F01AE3300D74068 /* Debug */,
				82D566351F01AE3300D74068 /* Release */,
			);
			defaultConfigurationIsVisible = 0;
			defaultConfigurationName = Release;
		};
		82D566361F01AE3300D74068 /* Build configuration list for PBXNativeTarget "Unbounded" */ = {
			isa = XCConfigurationList;
			buildConfigurations = (
				82D566371F01AE3300D74068 /* Debug */,
				82D566381F01AE3300D74068 /* Release */,
			);
			defaultConfigurationIsVisible = 0;
			defaultConfigurationName = Release;
		};
/* End XCConfigurationList section */
	};
	rootObject = 82D566161F01AE3300D74068 /* Project object */;
}
